Microsoft Visual Studio Solution File, Format Version 12.00
# Visual Studio Version 17
VisualStudioVersion = 17.0.31903.59
MinimumVisualStudioVersion = 10.0.40219.1
Project("{FAE04EC0-301F-11D3-BF4B-00C04F79EFBC}") = "ThcMealPlanner.Api", "ThcMealPlanner.Api\ThcMealPlanner.Api.csproj", "{620B77C6-28A5-4015-8034-2A18C5035C0B}"
EndProject
Project("{FAE04EC0-301F-11D3-BF4B-00C04F79EFBC}") = "ThcMealPlanner.Core", "ThcMealPlanner.Core\ThcMealPlanner.Core.csproj", "{A6D8C047-4CF7-4A61-A2FC-7C083A7F422C}"
EndProject
Project("{FAE04EC0-301F-11D3-BF4B-00C04F79EFBC}") = "ThcMealPlanner.Infrastructure", "ThcMealPlanner.Infrastructure\ThcMealPlanner.Infrastructure.csproj", "{DCC33E2A-36F6-4F2A-A86A-92278CF9D9BD}"
EndProject
Project("{FAE04EC0-301F-11D3-BF4B-00C04F79EFBC}") = "ThcMealPlanner.Tests", "ThcMealPlanner.Tests\ThcMealPlanner.Tests.csproj", "{05849414-763D-4514-8A48-4B710EEB2C03}"
EndProject
Global
	GlobalSection(SolutionConfigurationPlatforms) = preSolution
		Debug|Any CPU = Debug|Any CPU
		Release|Any CPU = Release|Any CPU
	EndGlobalSection
	GlobalSection(ProjectConfigurationPlatforms) = postSolution
		{620B77C6-28A5-4015-8034-2A18C5035C0B}.Debug|Any CPU.ActiveCfg = Debug|Any CPU
		{620B77C6-28A5-4015-8034-2A18C5035C0B}.Debug|Any CPU.Build.0 = Debug|Any CPU
		{620B77C6-28A5-4015-8034-2A18C5035C0B}.Release|Any CPU.ActiveCfg = Release|Any CPU
		{620B77C6-28A5-4015-8034-2A18C5035C0B}.Release|Any CPU.Build.0 = Release|Any CPU
		{A6D8C047-4CF7-4A61-A2FC-7C083A7F422C}.Debug|Any CPU.ActiveCfg = Debug|Any CPU
		{A6D8C047-4CF7-4A61-A2FC-7C083A7F422C}.Debug|Any CPU.Build.0 = Debug|Any CPU
		{A6D8C047-4CF7-4A61-A2FC-7C083A7F422C}.Release|Any CPU.ActiveCfg = Release|Any CPU
		{A6D8C047-4CF7-4A61-A2FC-7C083A7F422C}.Release|Any CPU.Build.0 = Release|Any CPU
		{DCC33E2A-36F6-4F2A-A86A-92278CF9D9BD}.Debug|Any CPU.ActiveCfg = Debug|Any CPU
		{DCC33E2A-36F6-4F2A-A86A-92278CF9D9BD}.Debug|Any CPU.Build.0 = Debug|Any CPU
		{DCC33E2A-36F6-4F2A-A86A-92278CF9D9BD}.Release|Any CPU.ActiveCfg = Release|Any CPU
		{DCC33E2A-36F6-4F2A-A86A-92278CF9D9BD}.Release|Any CPU.Build.0 = Release|Any CPU
		{05849414-763D-4514-8A48-4B710EEB2C03}.Debug|Any CPU.ActiveCfg = Debug|Any CPU
		{05849414-763D-4514-8A48-4B710EEB2C03}.Debug|Any CPU.Build.0 = Debug|Any CPU
		{05849414-763D-4514-8A48-4B710EEB2C03}.Release|Any CPU.ActiveCfg = Release|Any CPU
		{05849414-763D-4514-8A48-4B710EEB2C03}.Release|Any CPU.Build.0 = Release|Any CPU
	EndGlobalSection
	GlobalSection(SolutionProperties) = preSolution
		HideSolutionNode = FALSE
	EndGlobalSection
EndGlobal
